
Microsoft Visual Studio Solution File, Format Version 12.00
# Visual Studio Version 16
VisualStudioVersion = 16.0.30717.126
MinimumVisualStudioVersion = 10.0.40219.1
Project("{9A19103F-16F7-4668-BE54-9A1E7A4F7556}") = "Api.BackendChallenge.Ecommerce", "Api.BackendChallenge.Ecommerce.csproj", "{0B407FA8-2546-4DF9-BE47-5BB6F88DF794}"
EndProject
Project("{E53339B2-1760-4266-BCC7-CA923CBCF16C}") = "docker-compose", "docker-compose.dcproj", "{D1223CE7-6293-4F41-8BE3-34D08504B287}"
EndProject
Global
	GlobalSection(SolutionConfigurationPlatforms) = preSolution
		Debug|Any CPU = Debug|Any CPU
		Release|Any CPU = Release|Any CPU
	EndGlobalSection
	GlobalSection(ProjectConfigurationPlatforms) = postSolution
		{0B407FA8-2546-4DF9-BE47-5BB6F88DF794}.Debug|Any CPU.ActiveCfg = Debug|Any CPU
		{0B407FA8-2546-4DF9-BE47-5BB6F88DF794}.Debug|Any CPU.Build.0 = Debug|Any CPU
		{0B407FA8-2546-4DF9-BE47-5BB6F88DF794}.Release|Any CPU.ActiveCfg = Release|Any CPU
		{0B407FA8-2546-4DF9-BE47-5BB6F88DF794}.Release|Any CPU.Build.0 = Release|Any CPU
		{D1223CE7-6293-4F41-8BE3-34D08504B287}.Debug|Any CPU.ActiveCfg = Debug|Any CPU
		{D1223CE7-6293-4F41-8BE3-34D08504B287}.Debug|Any CPU.Build.0 = Debug|Any CPU
		{D1223CE7-6293-4F41-8BE3-34D08504B287}.Release|Any CPU.ActiveCfg = Release|Any CPU
		{D1223CE7-6293-4F41-8BE3-34D08504B287}.Release|Any CPU.Build.0 = Release|Any CPU
	EndGlobalSection
	GlobalSection(SolutionProperties) = preSolution
		HideSolutionNode = FALSE
	EndGlobalSection
	GlobalSection(ExtensibilityGlobals) = postSolution
		SolutionGuid = {00E71DCD-44FC-4814-BFBC-1021183F997E}
	EndGlobalSection
EndGlobal
